
Microsoft Visual Studio Solution File, Format Version 12.00
# Visual Studio Version 17
VisualStudioVersion = 17.12.35707.178
MinimumVisualStudioVersion = 10.0.40219.1
Project("{FAE04EC0-301F-11D3-BF4B-00C04F79EFBC}") = "AzureNetIsolatedFunctionMockTools", "AzureNetIsolatedFunctionMockTools\AzureNetIsolatedFunctionMockTools.csproj", "{E97921B9-718B-43B5-99FC-466D0D24DDB6}"
EndProject
Project("{2150E333-8FDC-42A3-9474-1A3956D46DE8}") = "docs", "docs", "{F4CD0619-6C2A-4F6D-AC44-1CA5CC026BC1}"
	ProjectSection(SolutionItems) = preProject
		docs\readme.md = docs\readme.md
	EndProjectSection
EndProject
Project("{2150E333-8FDC-42A3-9474-1A3956D46DE8}") = ".github", ".github", "{D3E8C387-EDE8-4C6F-A7C0-09E003658576}"
EndProject
Project("{2150E333-8FDC-42A3-9474-1A3956D46DE8}") = "workflows", "workflows", "{F3FB970D-F1D7-480C-B195-3DF9CD569154}"
	ProjectSection(SolutionItems) = preProject
		.github\workflows\CD.yml = .github\workflows\CD.yml
		.github\workflows\CI.yml = .github\workflows\CI.yml
		.github\workflows\SonarScan.yml = .github\workflows\SonarScan.yml
	EndProjectSection
EndProject
Project("{FAE04EC0-301F-11D3-BF4B-00C04F79EFBC}") = "AzureNetIsolatedFunctionMockToolsTests", "AzureNetIsolatedFunctionMockToolsTests\AzureNetIsolatedFunctionMockToolsTests.csproj", "{16B8C3B3-53BE-4EAB-AB73-A174CBC6850E}"
	ProjectSection(ProjectDependencies) = postProject
		{E97921B9-718B-43B5-99FC-466D0D24DDB6} = {E97921B9-718B-43B5-99FC-466D0D24DDB6}
	EndProjectSection
EndProject
Project("{2150E333-8FDC-42A3-9474-1A3956D46DE8}") = "scripts", "scripts", "{8F7F2721-0B9A-4173-8DBA-118FBA0459FB}"
	ProjectSection(SolutionItems) = preProject
		.github\scripts\check_version_changes.sh = .github\scripts\check_version_changes.sh
	EndProjectSection
EndProject
Global
	GlobalSection(SolutionConfigurationPlatforms) = preSolution
		Debug|Any CPU = Debug|Any CPU
		Release|Any CPU = Release|Any CPU
	EndGlobalSection
	GlobalSection(ProjectConfigurationPlatforms) = postSolution
		{E97921B9-718B-43B5-99FC-466D0D24DDB6}.Debug|Any CPU.ActiveCfg = Debug|Any CPU
		{E97921B9-718B-43B5-99FC-466D0D24DDB6}.Debug|Any CPU.Build.0 = Debug|Any CPU
		{E97921B9-718B-43B5-99FC-466D0D24DDB6}.Release|Any CPU.ActiveCfg = Release|Any CPU
		{E97921B9-718B-43B5-99FC-466D0D24DDB6}.Release|Any CPU.Build.0 = Release|Any CPU
		{16B8C3B3-53BE-4EAB-AB73-A174CBC6850E}.Debug|Any CPU.ActiveCfg = Debug|Any CPU
		{16B8C3B3-53BE-4EAB-AB73-A174CBC6850E}.Debug|Any CPU.Build.0 = Debug|Any CPU
		{16B8C3B3-53BE-4EAB-AB73-A174CBC6850E}.Release|Any CPU.ActiveCfg = Release|Any CPU
		{16B8C3B3-53BE-4EAB-AB73-A174CBC6850E}.Release|Any CPU.Build.0 = Release|Any CPU
	EndGlobalSection
	GlobalSection(SolutionProperties) = preSolution
		HideSolutionNode = FALSE
	EndGlobalSection
	GlobalSection(NestedProjects) = preSolution
		{F3FB970D-F1D7-480C-B195-3DF9CD569154} = {D3E8C387-EDE8-4C6F-A7C0-09E003658576}
		{8F7F2721-0B9A-4173-8DBA-118FBA0459FB} = {D3E8C387-EDE8-4C6F-A7C0-09E003658576}
	EndGlobalSection
EndGlobal
